// !$*UTF8*$!
{
	archiveVersion = 1;
	classes = {
	};
	objectVersion = 56;
	objects = {

/* Begin PBXBuildFile section */
		C518F481285FB146009C2918 /* DriverKit.framework in Frameworks */ = {isa = PBXBuildFile; fileRef = C518F480285FB146009C2918 /* DriverKit.framework */; };
		C518F484285FB146009C2918 /* PCICrash.cpp in Sources */ = {isa = PBXBuildFile; fileRef = C518F483285FB146009C2918 /* PCICrash.cpp */; };
		C518F486285FB146009C2918 /* PCICrash.iig in Sources */ = {isa = PBXBuildFile; fileRef = C518F485285FB146009C2918 /* PCICrash.iig */; };
		C518F4A2285FFB4F009C2918 /* AppDelegate.m in Sources */ = {isa = PBXBuildFile; fileRef = C518F4A1285FFB4F009C2918 /* AppDelegate.m */; };
		C518F4A5285FFB4F009C2918 /* ViewController.m in Sources */ = {isa = PBXBuildFile; fileRef = C518F4A4285FFB4F009C2918 /* ViewController.m */; };
		C518F4A7285FFB52009C2918 /* Assets.xcassets in Resources */ = {isa = PBXBuildFile; fileRef = C518F4A6285FFB52009C2918 /* Assets.xcassets */; };
		C518F4AA285FFB52009C2918 /* Main.storyboard in Resources */ = {isa = PBXBuildFile; fileRef = C518F4A8285FFB52009C2918 /* Main.storyboard */; };
		C518F4AC285FFB52009C2918 /* main.m in Sources */ = {isa = PBXBuildFile; fileRef = C518F4AB285FFB52009C2918 /* main.m */; };
		C518F4B6285FFD5F009C2918 /* com.worthdoingbadly.PCICrashApp.PCICrash.dext in CopyFiles */ = {isa = PBXBuildFile; fileRef = C518F47D285FB146009C2918 /* com.worthdoingbadly.PCICrashApp.PCICrash.dext */; settings = {ATTRIBUTES = (RemoveHeadersOnCopy, ); }; };
		C518F4BA28600563009C2918 /* PCIDriverKit.framework in Frameworks */ = {isa = PBXBuildFile; fileRef = C518F4B928600563009C2918 /* PCIDriverKit.framework */; };
/* End PBXBuildFile section */

/* Begin PBXContainerItemProxy section */
		C518F4B7285FFD68009C2918 /* PBXContainerItemProxy */ = {
			isa = PBXContainerItemProxy;
			containerPortal = C518F474285FB146009C2918 /* Project object */;
			proxyType = 1;
			remoteGlobalIDString = C518F47C285FB146009C2918;
			remoteInfo = PCICrash;
		};
/* End PBXContainerItemProxy section */

/* Begin PBXCopyFilesBuildPhase section */
		C518F4B4285FFD0F009C2918 /* CopyFiles */ = {
			isa = PBXCopyFilesBuildPhase;
			buildActionMask = 2147483647;
			dstPath = "$(SYSTEM_EXTENSIONS_FOLDER_PATH)";
			dstSubfolderSpec = 16;
			files = (
				C518F4B6285FFD5F009C2918 /* com.worthdoingbadly.PCICrashApp.PCICrash.dext in CopyFiles */,
			);
			runOnlyForDeploymentPostprocessing = 0;
		};
/* End PBXCopyFilesBuildPhase section */

/* Begin PBXFileReference section */
		C518F47D285FB146009C2918 /* com.worthdoingbadly.PCICrashApp.PCICrash.dext */ = {isa = PBXFileReference; explicitFileType = "wrapper.driver-extension"; includeInIndex = 0; path = com.worthdoingbadly.PCICrashApp.PCICrash.dext; sourceTree = BUILT_PRODUCTS_DIR; };
		C518F480285FB146009C2918 /* DriverKit.framework */ = {isa = PBXFileReference; lastKnownFileType = wrapper.framework; name = DriverKit.framework; path = Library/Frameworks/DriverKit.framework; sourceTree = DEVELOPER_DIR; };
		C518F483285FB146009C2918 /* PCICrash.cpp */ = {isa = PBXFileReference; lastKnownFileType = sourcecode.cpp.cpp; path = PCICrash.cpp; sourceTree = "<group>"; };
		C518F485285FB146009C2918 /* PCICrash.iig */ = {isa = PBXFileReference; lastKnownFileType = sourcecode.iig; path = PCICrash.iig; sourceTree = "<group>"; };
		C518F487285FB146009C2918 /* Info.plist */ = {isa = PBXFileReference; lastKnownFileType = text.plist.xml; path = Info.plist; sourceTree = "<group>"; };
		C518F488285FB146009C2918 /* PCICrash.entitlements */ = {isa = PBXFileReference; lastKnownFileType = text.plist.entitlements; path = PCICrash.entitlements; sourceTree = "<group>"; };
		C518F49E285FFB4F009C2918 /* PCICrashApp.app */ = {isa = PBXFileReference; explicitFileType = wrapper.application; includeInIndex = 0; path = PCICrashApp.app; sourceTree = BUILT_PRODUCTS_DIR; };
		C518F4A0285FFB4F009C2918 /* AppDelegate.h */ = {isa = PBXFileReference; lastKnownFileType = sourcecode.c.h; path = AppDelegate.h; sourceTree = "<group>"; };
		C518F4A1285FFB4F009C2918 /* AppDelegate.m */ = {isa = PBXFileReference; lastKnownFileType = sourcecode.c.objc; path = AppDelegate.m; sourceTree = "<group>"; };
		C518F4A3285FFB4F009C2918 /* ViewController.h */ = {isa = PBXFileReference; lastKnownFileType = sourcecode.c.h; path = ViewController.h; sourceTree = "<group>"; };
		C518F4A4285FFB4F009C2918 /* ViewController.m */ = {isa = PBXFileReference; lastKnownFileType = sourcecode.c.objc; path = ViewController.m; sourceTree = "<group>"; };
		C518F4A6285FFB52009C2918 /* Assets.xcassets */ = {isa = PBXFileReference; lastKnownFileType = folder.assetcatalog; path = Assets.xcassets; sourceTree = "<group>"; };
		C518F4A9285FFB52009C2918 /* Base */ = {isa = PBXFileReference; lastKnownFileType = file.storyboard; name = Base; path = Base.lproj/Main.storyboard; sourceTree = "<group>"; };
		C518F4AB285FFB52009C2918 /* main.m */ = {isa = PBXFileReference; lastKnownFileType = sourcecode.c.objc; path = main.m; sourceTree = "<group>"; };
		C518F4AD285FFB52009C2918 /* PCICrashApp.entitlements */ = {isa = PBXFileReference; lastKnownFileType = text.plist.entitlements; path = PCICrashApp.entitlements; sourceTree = "<group>"; };
		C518F4B928600563009C2918 /* PCIDriverKit.framework */ = {isa = PBXFileReference; lastKnownFileType = wrapper.framework; name = PCIDriverKit.framework; path = System/DriverKit/System/Library/Frameworks/PCIDriverKit.framework; sourceTree = SDKROOT; };
		C518F4BB2861526D009C2918 /* libSystem.tbd */ = {isa = PBXFileReference; lastKnownFileType = "sourcecode.text-based-dylib-definition"; name = libSystem.tbd; path = System/DriverKit/usr/lib/libSystem.tbd; sourceTree = SDKROOT; };
		C518F4BD2861535C009C2918 /* libsystem_c.tbd */ = {isa = PBXFileReference; lastKnownFileType = "sourcecode.text-based-dylib-definition"; name = libsystem_c.tbd; path = System/DriverKit/usr/lib/system/libsystem_c.tbd; sourceTree = SDKROOT; };
/* End PBXFileReference section */

/* Begin PBXFrameworksBuildPhase section */
		C518F47A285FB146009C2918 /* Frameworks */ = {
			isa = PBXFrameworksBuildPhase;
			buildActionMask = 2147483647;
			files = (
				C518F4BA28600563009C2918 /* PCIDriverKit.framework in Frameworks */,
				C518F481285FB146009C2918 /* DriverKit.framework in Frameworks */,
			);
			runOnlyForDeploymentPostprocessing = 0;
		};
		C518F49B285FFB4F009C2918 /* Frameworks */ = {
			isa = PBXFrameworksBuildPhase;
			buildActionMask = 2147483647;
			files = (
			);
			runOnlyForDeploymentPostprocessing = 0;
		};
/* End PBXFrameworksBuildPhase section */

/* Begin PBXGroup section */
		C518F473285FB146009C2918 = {
			isa = PBXGroup;
			children = (
				C518F482285FB146009C2918 /* PCICrash */,
				C518F49F285FFB4F009C2918 /* PCICrashApp */,
				C518F47F285FB146009C2918 /* Frameworks */,
				C518F47E285FB146009C2918 /* Products */,
			);
			sourceTree = "<group>";
		};
		C518F47E285FB146009C2918 /* Products */ = {
			isa = PBXGroup;
			children = (
				C518F47D285FB146009C2918 /* com.worthdoingbadly.PCICrashApp.PCICrash.dext */,
				C518F49E285FFB4F009C2918 /* PCICrashApp.app */,
			);
			name = Products;
			sourceTree = "<group>";
		};
		C518F47F285FB146009C2918 /* Frameworks */ = {
			isa = PBXGroup;
			children = (
				C518F4BD2861535C009C2918 /* libsystem_c.tbd */,
				C518F4BB2861526D009C2918 /* libSystem.tbd */,
				C518F4B928600563009C2918 /* PCIDriverKit.framework */,
				C518F480285FB146009C2918 /* DriverKit.framework */,
			);
			name = Frameworks;
			sourceTree = "<group>";
		};
		C518F482285FB146009C2918 /* PCICrash */ = {
			isa = PBXGroup;
			children = (
				C518F483285FB146009C2918 /* PCICrash.cpp */,
				C518F485285FB146009C2918 /* PCICrash.iig */,
				C518F487285FB146009C2918 /* Info.plist */,
				C518F488285FB146009C2918 /* PCICrash.entitlements */,
			);
			path = PCICrash;
			sourceTree = "<group>";
		};
		C518F49F285FFB4F009C2918 /* PCICrashApp */ = {
			isa = PBXGroup;
			children = (
				C518F4A0285FFB4F009C2918 /* AppDelegate.h */,
				C518F4A1285FFB4F009C2918 /* AppDelegate.m */,
				C518F4A3285FFB4F009C2918 /* ViewController.h */,
				C518F4A4285FFB4F009C2918 /* ViewController.m */,
				C518F4A6285FFB52009C2918 /* Assets.xcassets */,
				C518F4A8285FFB52009C2918 /* Main.storyboard */,
				C518F4AB285FFB52009C2918 /* main.m */,
				C518F4AD285FFB52009C2918 /* PCICrashApp.entitlements */,
			);
			path = PCICrashApp;
			sourceTree = "<group>";
		};
/* End PBXGroup section */

/* Begin PBXHeadersBuildPhase section */
		C518F478285FB146009C2918 /* Headers */ = {
			isa = PBXHeadersBuildPhase;
			buildActionMask = 2147483647;
			files = (
			);
			runOnlyForDeploymentPostprocessing = 0;
		};
/* End PBXHeadersBuildPhase section */

/* Begin PBXNativeTarget section */
		C518F47C285FB146009C2918 /* PCICrash */ = {
			isa = PBXNativeTarget;
			buildConfigurationList = C518F48B285FB146009C2918 /* Build configuration list for PBXNativeTarget "PCICrash" */;
			buildPhases = (
				C518F478285FB146009C2918 /* Headers */,
				C518F479285FB146009C2918 /* Sources */,
				C518F47A285FB146009C2918 /* Frameworks */,
				C518F47B285FB146009C2918 /* Resources */,
			);
			buildRules = (
			);
			dependencies = (
			);
			name = PCICrash;
			productName = PCICrash;
			productReference = C518F47D285FB146009C2918 /* com.worthdoingbadly.PCICrashApp.PCICrash.dext */;
			productType = "com.apple.product-type.driver-extension";
		};
		C518F49D285FFB4F009C2918 /* PCICrashApp */ = {
			isa = PBXNativeTarget;
			buildConfigurationList = C518F4AE285FFB52009C2918 /* Build configuration list for PBXNativeTarget "PCICrashApp" */;
			buildPhases = (
				C518F49A285FFB4F009C2918 /* Sources */,
				C518F49B285FFB4F009C2918 /* Frameworks */,
				C518F49C285FFB4F009C2918 /* Resources */,
				C518F4B4285FFD0F009C2918 /* CopyFiles */,
			);
			buildRules = (
			);
			dependencies = (
				C518F4B8285FFD68009C2918 /* PBXTargetDependency */,
			);
			name = PCICrashApp;
			productName = PCICrashApp;
			productReference = C518F49E285FFB4F009C2918 /* PCICrashApp.app */;
			productType = "com.apple.product-type.application";
		};
/* End PBXNativeTarget section */

/* Begin PBXProject section */
		C518F474285FB146009C2918 /* Project object */ = {
			isa = PBXProject;
			attributes = {
				BuildIndependentTargetsInParallel = 1;
				LastUpgradeCheck = 1400;
				TargetAttributes = {
					C518F47C285FB146009C2918 = {
						CreatedOnToolsVersion = 14.0;
					};
					C518F49D285FFB4F009C2918 = {
						CreatedOnToolsVersion = 14.0;
					};
				};
			};
			buildConfigurationList = C518F477285FB146009C2918 /* Build configuration list for PBXProject "PCICrash" */;
			compatibilityVersion = "Xcode 14.0";
			developmentRegion = en;
			hasScannedForEncodings = 0;
			knownRegions = (
				en,
				Base,
			);
			mainGroup = C518F473285FB146009C2918;
			productRefGroup = C518F47E285FB146009C2918 /* Products */;
			projectDirPath = "";
			projectRoot = "";
			targets = (
				C518F47C285FB146009C2918 /* PCICrash */,
				C518F49D285FFB4F009C2918 /* PCICrashApp */,
			);
		};
/* End PBXProject section */

/* Begin PBXResourcesBuildPhase section */
		C518F47B285FB146009C2918 /* Resources */ = {
			isa = PBXResourcesBuildPhase;
			buildActionMask = 2147483647;
			files = (
			);
			runOnlyForDeploymentPostprocessing = 0;
		};
		C518F49C285FFB4F009C2918 /* Resources */ = {
			isa = PBXResourcesBuildPhase;
			buildActionMask = 2147483647;
			files = (
				C518F4A7285FFB52009C2918 /* Assets.xcassets in Resources */,
				C518F4AA285FFB52009C2918 /* Main.storyboard in Resources */,
			);
			runOnlyForDeploymentPostprocessing = 0;
		};
/* End PBXResourcesBuildPhase section */

/* Begin PBXSourcesBuildPhase section */
		C518F479285FB146009C2918 /* Sources */ = {
			isa = PBXSourcesBuildPhase;
			buildActionMask = 2147483647;
			files = (
				C518F486285FB146009C2918 /* PCICrash.iig in Sources */,
				C518F484285FB146009C2918 /* PCICrash.cpp in Sources */,
			);
			runOnlyForDeploymentPostprocessing = 0;
		};
		C518F49A285FFB4F009C2918 /* Sources */ = {
			isa = PBXSourcesBuildPhase;
			buildActionMask = 2147483647;
			files = (
				C518F4A5285FFB4F009C2918 /* ViewController.m in Sources */,
				C518F4AC285FFB52009C2918 /* main.m in Sources */,
				C518F4A2285FFB4F009C2918 /* AppDelegate.m in Sources */,
			);
			runOnlyForDeploymentPostprocessing = 0;
		};
/* End PBXSourcesBuildPhase section */

/* Begin PBXTargetDependency section */
		C518F4B8285FFD68009C2918 /* PBXTargetDependency */ = {
			isa = PBXTargetDependency;
			target = C518F47C285FB146009C2918 /* PCICrash */;
			targetProxy = C518F4B7285FFD68009C2918 /* PBXContainerItemProxy */;
		};
/* End PBXTargetDependency section */

/* Begin PBXVariantGroup section */
		C518F4A8285FFB52009C2918 /* Main.storyboard */ = {
			isa = PBXVariantGroup;
			children = (
				C518F4A9285FFB52009C2918 /* Base */,
			);
			name = Main.storyboard;
			sourceTree = "<group>";
		};
/* End PBXVariantGroup section */

/* Begin XCBuildConfiguration section */
		C518F489285FB146009C2918 /* Debug */ = {
			isa = XCBuildConfiguration;
			buildSettings = {
				ALWAYS_SEARCH_USER_PATHS = NO;
				CLANG_ANALYZER_NONNULL = YES;
				CLANG_ANALYZER_NUMBER_OBJECT_CONVERSION = YES_AGGRESSIVE;
				CLANG_CXX_LANGUAGE_STANDARD = "gnu++17";
				CLANG_ENABLE_MODULES = YES;
				CLANG_ENABLE_OBJC_ARC = YES;
				CLANG_ENABLE_OBJC_WEAK = YES;
				CLANG_WARN_BLOCK_CAPTURE_AUTORELEASING = YES;
				CLANG_WARN_BOOL_CONVERSION = YES;
				CLANG_WARN_COMMA = YES;
				CLANG_WARN_CONSTANT_CONVERSION = YES;
				CLANG_WARN_DEPRECATED_OBJC_IMPLEMENTATIONS = YES;
				CLANG_WARN_DIRECT_OBJC_ISA_USAGE = YES_ERROR;
				CLANG_WARN_DOCUMENTATION_COMMENTS = YES;
				CLANG_WARN_EMPTY_BODY = YES;
				CLANG_WARN_ENUM_CONVERSION = YES;
				CLANG_WARN_INFINITE_RECURSION = YES;
				CLANG_WARN_INT_CONVERSION = YES;
				CLANG_WARN_NON_LITERAL_NULL_CONVERSION = YES;
				CLANG_WARN_OBJC_IMPLICIT_RETAIN_SELF = YES;
				CLANG_WARN_OBJC_LITERAL_CONVERSION = YES;
				CLANG_WARN_OBJC_ROOT_CLASS = YES_ERROR;
				CLANG_WARN_QUOTED_INCLUDE_IN_FRAMEWORK_HEADER = YES;
				CLANG_WARN_RANGE_LOOP_ANALYSIS = YES;
				CLANG_WARN_STRICT_PROTOTYPES = YES;
				CLANG_WARN_SUSPICIOUS_MOVE = YES;
				CLANG_WARN_UNGUARDED_AVAILABILITY = YES_AGGRESSIVE;
				CLANG_WARN_UNREACHABLE_CODE = YES;
				CLANG_WARN__DUPLICATE_METHOD_MATCH = YES;
				COPY_PHASE_STRIP = NO;
				DEBUG_INFORMATION_FORMAT = dwarf;
				DRIVERKIT_DEPLOYMENT_TARGET = 22.0;
				ENABLE_STRICT_OBJC_MSGSEND = YES;
				ENABLE_TESTABILITY = YES;
				GCC_C_LANGUAGE_STANDARD = gnu11;
				GCC_DYNAMIC_NO_PIC = NO;
				GCC_NO_COMMON_BLOCKS = YES;
				GCC_OPTIMIZATION_LEVEL = 0;
				GCC_PREPROCESSOR_DEFINITIONS = (
					"DEBUG=1",
					"$(inherited)",
				);
				GCC_WARN_64_TO_32_BIT_CONVERSION = YES;
				GCC_WARN_ABOUT_RETURN_TYPE = YES_ERROR;
				GCC_WARN_UNDECLARED_SELECTOR = YES;
				GCC_WARN_UNINITIALIZED_AUTOS = YES_AGGRESSIVE;
				GCC_WARN_UNUSED_FUNCTION = YES;
				GCC_WARN_UNUSED_VARIABLE = YES;
				MTL_ENABLE_DEBUG_INFO = INCLUDE_SOURCE;
				MTL_FAST_MATH = YES;
				ONLY_ACTIVE_ARCH = YES;
				SDKROOT = driverkit;
			};
			name = Debug;
		};
		C518F48A285FB146009C2918 /* Release */ = {
			isa = XCBuildConfiguration;
			buildSettings = {
				ALWAYS_SEARCH_USER_PATHS = NO;
				CLANG_ANALYZER_NONNULL = YES;
				CLANG_ANALYZER_NUMBER_OBJECT_CONVERSION = YES_AGGRESSIVE;
				CLANG_CXX_LANGUAGE_STANDARD = "gnu++17";
				CLANG_ENABLE_MODULES = YES;
				CLANG_ENABLE_OBJC_ARC = YES;
				CLANG_ENABLE_OBJC_WEAK = YES;
				CLANG_WARN_BLOCK_CAPTURE_AUTORELEASING = YES;
				CLANG_WARN_BOOL_CONVERSION = YES;
				CLANG_WARN_COMMA = YES;
				CLANG_WARN_CONSTANT_CONVERSION = YES;
				CLANG_WARN_DEPRECATED_OBJC_IMPLEMENTATIONS = YES;
				CLANG_WARN_DIRECT_OBJC_ISA_USAGE = YES_ERROR;
				CLANG_WARN_DOCUMENTATION_COMMENTS = YES;
				CLANG_WARN_EMPTY_BODY = YES;
				CLANG_WARN_ENUM_CONVERSION = YES;
				CLANG_WARN_INFINITE_RECURSION = YES;
				CLANG_WARN_INT_CONVERSION = YES;
				CLANG_WARN_NON_LITERAL_NULL_CONVERSION = YES;
				CLANG_WARN_OBJC_IMPLICIT_RETAIN_SELF = YES;
				CLANG_WARN_OBJC_LITERAL_CONVERSION = YES;
				CLANG_WARN_OBJC_ROOT_CLASS = YES_ERROR;
				CLANG_WARN_QUOTED_INCLUDE_IN_FRAMEWORK_HEADER = YES;
				CLANG_WARN_RANGE_LOOP_ANALYSIS = YES;
				CLANG_WARN_STRICT_PROTOTYPES = YES;
				CLANG_WARN_SUSPICIOUS_MOVE = YES;
				CLANG_WARN_UNGUARDED_AVAILABILITY = YES_AGGRESSIVE;
				CLANG_WARN_UNREACHABLE_CODE = YES;
				CLANG_WARN__DUPLICATE_METHOD_MATCH = YES;
				COPY_PHASE_STRIP = NO;
				DEBUG_INFORMATION_FORMAT = "dwarf-with-dsym";
				DRIVERKIT_DEPLOYMENT_TARGET = 22.0;
				ENABLE_NS_ASSERTIONS = NO;
				ENABLE_STRICT_OBJC_MSGSEND = YES;
				GCC_C_LANGUAGE_STANDARD = gnu11;
				GCC_NO_COMMON_BLOCKS = YES;
				GCC_WARN_64_TO_32_BIT_CONVERSION = YES;
				GCC_WARN_ABOUT_RETURN_TYPE = YES_ERROR;
				GCC_WARN_UNDECLARED_SELECTOR = YES;
				GCC_WARN_UNINITIALIZED_AUTOS = YES_AGGRESSIVE;
				GCC_WARN_UNUSED_FUNCTION = YES;
				GCC_WARN_UNUSED_VARIABLE = YES;
				MTL_ENABLE_DEBUG_INFO = NO;
				MTL_FAST_MATH = YES;
				SDKROOT = driverkit;
			};
			name = Release;
		};
		C518F48C285FB146009C2918 /* Debug */ = {
			isa = XCBuildConfiguration;
			buildSettings = {
				CODE_SIGN_ENTITLEMENTS = PCICrash/PCICrash.entitlements;
				CODE_SIGN_IDENTITY = "";
				CURRENT_PROJECT_VERSION = 1;
				DRIVERKIT_DEPLOYMENT_TARGET = 20.0;
				FRAMEWORK_SEARCH_PATHS = (
					"$(inherited)",
					"$(SDKROOT)/System/DriverKit/System/Library/Frameworks",
				);
				GENERATE_INFOPLIST_FILE = YES;
				INFOPLIST_FILE = PCICrash/Info.plist;
				INFOPLIST_KEY_OSBundleUsageDescription = "";
				LIBRARY_SEARCH_PATHS = (
					"$(inherited)",
					"$(SDKROOT)/System/DriverKit/usr/lib",
					"$(SDKROOT)/System/DriverKit/usr/lib/system",
				);
				MARKETING_VERSION = 1.0;
				PRODUCT_BUNDLE_IDENTIFIER = com.worthdoingbadly.PCICrashApp.PCICrash;
				PRODUCT_NAME = "$(inherited)";
				RUN_CLANG_STATIC_ANALYZER = YES;
				SKIP_INSTALL = YES;
				SWIFT_EMIT_LOC_STRINGS = YES;
			};
			name = Debug;
		};
		C518F48D285FB146009C2918 /* Release */ = {
			isa = XCBuildConfiguration;
			buildSettings = {
				CODE_SIGN_ENTITLEMENTS = PCICrash/PCICrash.entitlements;
				CODE_SIGN_IDENTITY = "";
				CURRENT_PROJECT_VERSION = 1;
				DRIVERKIT_DEPLOYMENT_TARGET = 20.0;
				FRAMEWORK_SEARCH_PATHS = (
					"$(inherited)",
					"$(SDKROOT)/System/DriverKit/System/Library/Frameworks",
				);
				GENERATE_INFOPLIST_FILE = YES;
				INFOPLIST_FILE = PCICrash/Info.plist;
				INFOPLIST_KEY_OSBundleUsageDescription = "";
				LIBRARY_SEARCH_PATHS = (
					"$(inherited)",
					"$(SDKROOT)/System/DriverKit/usr/lib",
					"$(SDKROOT)/System/DriverKit/usr/lib/system",
				);
				MARKETING_VERSION = 1.0;
				PRODUCT_BUNDLE_IDENTIFIER = com.worthdoingbadly.PCICrashApp.PCICrash;
				PRODUCT_NAME = "$(inherited)";
				RUN_CLANG_STATIC_ANALYZER = YES;
				SKIP_INSTALL = YES;
				SWIFT_EMIT_LOC_STRINGS = YES;
			};
			name = Release;
		};
		C518F4AF285FFB52009C2918 /* Debug */ = {
			isa = XCBuildConfiguration;
			buildSettings = {
				ASSETCATALOG_COMPILER_APPICON_NAME = AppIcon;
				ASSETCATALOG_COMPILER_GLOBAL_ACCENT_COLOR_NAME = AccentColor;
				CODE_SIGN_ENTITLEMENTS = PCICrashApp/PCICrashApp.entitlements;
				CODE_SIGN_IDENTITY = "";
				CODE_SIGN_STYLE = Manual;
				COMBINE_HIDPI_IMAGES = YES;
				CURRENT_PROJECT_VERSION = 1;
				DEVELOPMENT_TEAM = "";
				ENABLE_HARDENED_RUNTIME = YES;
				GENERATE_INFOPLIST_FILE = YES;
				INFOPLIST_KEY_NSHumanReadableCopyright = "";
				INFOPLIST_KEY_NSMainStoryboardFile = Main;
				INFOPLIST_KEY_NSPrincipalClass = NSApplication;
				LD_RUNPATH_SEARCH_PATHS = (
					"$(inherited)",
					"@executable_path/../Frameworks",
				);
				MACOSX_DEPLOYMENT_TARGET = 11.0;
				MARKETING_VERSION = 1.0;
				PRODUCT_BUNDLE_IDENTIFIER = com.worthdoingbadly.PCICrashApp;
				PRODUCT_NAME = "$(TARGET_NAME)";
				PROVISIONING_PROFILE_SPECIFIER = "";
				SDKROOT = macosx;
				SWIFT_EMIT_LOC_STRINGS = YES;
			};
			name = Debug;
		};
		C518F4B0285FFB52009C2918 /* Release */ = {
			isa = XCBuildConfiguration;
			buildSettings = {
				ASSETCATALOG_COMPILER_APPICON_NAME = AppIcon;
				ASSETCATALOG_COMPILER_GLOBAL_ACCENT_COLOR_NAME = AccentColor;
				CODE_SIGN_ENTITLEMENTS = PCICrashApp/PCICrashApp.entitlements;
				CODE_SIGN_IDENTITY = "";
				CODE_SIGN_STYLE = Manual;
				COMBINE_HIDPI_IMAGES = YES;
				CURRENT_PROJECT_VERSION = 1;
				DEVELOPMENT_TEAM = "";
				ENABLE_HARDENED_RUNTIME = YES;
				GENERATE_INFOPLIST_FILE = YES;
				INFOPLIST_KEY_NSHumanReadableCopyright = "";
				INFOPLIST_KEY_NSMainStoryboardFile = Main;
				INFOPLIST_KEY_NSPrincipalClass = NSApplication;
				LD_RUNPATH_SEARCH_PATHS = (
					"$(inherited)",
					"@executable_path/../Frameworks",
				);
				MACOSX_DEPLOYMENT_TARGET = 11.0;
				MARKETING_VERSION = 1.0;
				PRODUCT_BUNDLE_IDENTIFIER = com.worthdoingbadly.PCICrashApp;
				PRODUCT_NAME = "$(TARGET_NAME)";
				PROVISIONING_PROFILE_SPECIFIER = "";
				SDKROOT = macosx;
				SWIFT_EMIT_LOC_STRINGS = YES;
			};
			name = Release;
		};
/* End XCBuildConfiguration section */

/* Begin XCConfigurationList section */
		C518F477285FB146009C2918 /* Build configuration list for PBXProject "PCICrash" */ = {
			isa = XCConfigurationList;
			buildConfigurations = (
				C518F489285FB146009C2918 /* Debug */,
				C518F48A285FB146009C2918 /* Release */,
			);
			defaultConfigurationIsVisible = 0;
			defaultConfigurationName = Release;
		};
		C518F48B285FB146009C2918 /* Build configuration list for PBXNativeTarget "PCICrash" */ = {
			isa = XCConfigurationList;
			buildConfigurations = (
				C518F48C285FB146009C2918 /* Debug */,
				C518F48D285FB146009C2918 /* Release */,
			);
			defaultConfigurationIsVisible = 0;
			defaultConfigurationName = Release;
		};
		C518F4AE285FFB52009C2918 /* Build configuration list for PBXNativeTarget "PCICrashApp" */ = {
			isa = XCConfigurationList;
			buildConfigurations = (
				C518F4AF285FFB52009C2918 /* Debug */,
				C518F4B0285FFB52009C2918 /* Release */,
			);
			defaultConfigurationIsVisible = 0;
			defaultConfigurationName = Release;
		};
/* End XCConfigurationList section */
	};
	rootObject = C518F474285FB146009C2918 /* Project object */;
}
